---
lockVersion: 1.0.0
dependencies:
  codeql/controlflow:
    version: 1.0.4
  codeql/dataflow:
    version: 1.0.4
  codeql/mad:
    version: 1.0.4
  codeql/regex:
    version: 1.0.4
  codeql/ruby-all:
    version: 1.0.4
  codeql/ssa:
    version: 1.0.4
  codeql/tutorial:
    version: 1.0.4
  codeql/typetracking:
    version: 1.0.4
  codeql/util:
    version: 1.0.4
compiled: false
